// !$*UTF8*$!
{
	archiveVersion = 1;
	classes = {
	};
	objectVersion = 46;
	objects = {

/* Begin PBXBuildFile section */
		551BA1C21E4F86AA00300D66 /* AppDelegate.swift in Sources */ = {isa = PBXBuildFile; fileRef = 551BA1C11E4F86AA00300D66 /* AppDelegate.swift */; };
		551BA1C41E4F86AA00300D66 /* ViewController.swift in Sources */ = {isa = PBXBuildFile; fileRef = 551BA1C31E4F86AA00300D66 /* ViewController.swift */; };
		551BA1C71E4F86AA00300D66 /* Main.storyboard in Resources */ = {isa = PBXBuildFile; fileRef = 551BA1C51E4F86AA00300D66 /* Main.storyboard */; };
		551BA1C91E4F86AA00300D66 /* Assets.xcassets in Resources */ = {isa = PBXBuildFile; fileRef = 551BA1C81E4F86AA00300D66 /* Assets.xcassets */; };
		551BA1CC1E4F86AA00300D66 /* LaunchScreen.storyboard in Resources */ = {isa = PBXBuildFile; fileRef = 551BA1CA1E4F86AA00300D66 /* LaunchScreen.storyboard */; };
		551BA1D71E4F86AA00300D66 /* RetroCalculatorTests.swift in Sources */ = {isa = PBXBuildFile; fileRef = 551BA1D61E4F86AA00300D66 /* RetroCalculatorTests.swift */; };
		551BA1E21E4FBE9C00300D66 /* Minecrafter.Reg.ttf in Resources */ = {isa = PBXBuildFile; fileRef = 551BA1E11E4FBE9C00300D66 /* Minecrafter.Reg.ttf */; };
		551BA1E41E4FBF2800300D66 /* Minecraft.ttf in Resources */ = {isa = PBXBuildFile; fileRef = 551BA1E31E4FBF2800300D66 /* Minecraft.ttf */; };
		551BA1E61E4FBFEB00300D66 /* btn.wav in Resources */ = {isa = PBXBuildFile; fileRef = 551BA1E51E4FBFEB00300D66 /* btn.wav */; };
/* End PBXBuildFile section */

/* Begin PBXContainerItemProxy section */
		551BA1D31E4F86AA00300D66 /* PBXContainerItemProxy */ = {
			isa = PBXContainerItemProxy;
			containerPortal = 551BA1B61E4F86AA00300D66 /* Project object */;
			proxyType = 1;
			remoteGlobalIDString = 551BA1BD1E4F86AA00300D66;
			remoteInfo = RetroCalculator;
		};
/* End PBXContainerItemProxy section */

/* Begin PBXFileReference section */
		551BA1BE1E4F86AA00300D66 /* RetroCalculator.app */ = {isa = PBXFileReference; explicitFileType = wrapper.application; includeInIndex = 0; path = RetroCalculator.app; sourceTree = BUILT_PRODUCTS_DIR; };
		551BA1C11E4F86AA00300D66 /* AppDelegate.swift */ = {isa = PBXFileReference; lastKnownFileType = sourcecode.swift; path = AppDelegate.swift; sourceTree = "<group>"; };
		551BA1C31E4F86AA00300D66 /* ViewController.swift */ = {isa = PBXFileReference; lastKnownFileType = sourcecode.swift; path = ViewController.swift; sourceTree = "<group>"; };
		551BA1C61E4F86AA00300D66 /* Base */ = {isa = PBXFileReference; lastKnownFileType = file.storyboard; name = Base; path = Base.lproj/Main.storyboard; sourceTree = "<group>"; };
		551BA1C81E4F86AA00300D66 /* Assets.xcassets */ = {isa = PBXFileReference; lastKnownFileType = folder.assetcatalog; path = Assets.xcassets; sourceTree = "<group>"; };
		551BA1CB1E4F86AA00300D66 /* Base */ = {isa = PBXFileReference; lastKnownFileType = file.storyboard; name = Base; path = Base.lproj/LaunchScreen.storyboard; sourceTree = "<group>"; };
		551BA1CD1E4F86AA00300D66 /* Info.plist */ = {isa = PBXFileReference; lastKnownFileType = text.plist.xml; path = Info.plist; sourceTree = "<group>"; };
		551BA1D21E4F86AA00300D66 /* RetroCalculatorTests.xctest */ = {isa = PBXFileReference; explicitFileType = wrapper.cfbundle; includeInIndex = 0; path = RetroCalculatorTests.xctest; sourceTree = BUILT_PRODUCTS_DIR; };
		551BA1D61E4F86AA00300D66 /* RetroCalculatorTests.swift */ = {isa = PBXFileReference; lastKnownFileType = sourcecode.swift; path = RetroCalculatorTests.swift; sourceTree = "<group>"; };
		551BA1D81E4F86AA00300D66 /* Info.plist */ = {isa = PBXFileReference; lastKnownFileType = text.plist.xml; path = Info.plist; sourceTree = "<group>"; };
		551BA1E11E4FBE9C00300D66 /* Minecrafter.Reg.ttf */ = {isa = PBXFileReference; lastKnownFileType = file; path = Minecrafter.Reg.ttf; sourceTree = "<group>"; };
		551BA1E31E4FBF2800300D66 /* Minecraft.ttf */ = {isa = PBXFileReference; lastKnownFileType = file; path = Minecraft.ttf; sourceTree = "<group>"; };
		551BA1E51E4FBFEB00300D66 /* btn.wav */ = {isa = PBXFileReference; lastKnownFileType = audio.wav; path = btn.wav; sourceTree = "<group>"; };
/* End PBXFileReference section */

/* Begin PBXFrameworksBuildPhase section */
		551BA1BB1E4F86AA00300D66 /* Frameworks */ = {
			isa = PBXFrameworksBuildPhase;
			buildActionMask = 2147483647;
			files = (
			);
			runOnlyForDeploymentPostprocessing = 0;
		};
		551BA1CF1E4F86AA00300D66 /* Frameworks */ = {
			isa = PBXFrameworksBuildPhase;
			buildActionMask = 2147483647;
			files = (
			);
			runOnlyForDeploymentPostprocessing = 0;
		};
/* End PBXFrameworksBuildPhase section */

/* Begin PBXGroup section */
		551BA1B51E4F86AA00300D66 = {
			isa = PBXGroup;
			children = (
				551BA1C01E4F86AA00300D66 /* RetroCalculator */,
				551BA1D51E4F86AA00300D66 /* RetroCalculatorTests */,
				551BA1BF1E4F86AA00300D66 /* Products */,
			);
			sourceTree = "<group>";
		};
		551BA1BF1E4F86AA00300D66 /* Products */ = {
			isa = PBXGroup;
			children = (
				551BA1BE1E4F86AA00300D66 /* RetroCalculator.app */,
				551BA1D21E4F86AA00300D66 /* RetroCalculatorTests.xctest */,
			);
			name = Products;
			sourceTree = "<group>";
		};
		551BA1C01E4F86AA00300D66 /* RetroCalculator */ = {
			isa = PBXGroup;
			children = (
				551BA1E11E4FBE9C00300D66 /* Minecrafter.Reg.ttf */,
				551BA1E31E4FBF2800300D66 /* Minecraft.ttf */,
				551BA1E51E4FBFEB00300D66 /* btn.wav */,
				551BA1C11E4F86AA00300D66 /* AppDelegate.swift */,
				551BA1C31E4F86AA00300D66 /* ViewController.swift */,
				551BA1C51E4F86AA00300D66 /* Main.storyboard */,
				551BA1C81E4F86AA00300D66 /* Assets.xcassets */,
				551BA1CA1E4F86AA00300D66 /* LaunchScreen.storyboard */,
				551BA1CD1E4F86AA00300D66 /* Info.plist */,
			);
			path = RetroCalculator;
			sourceTree = "<group>";
		};
		551BA1D51E4F86AA00300D66 /* RetroCalculatorTests */ = {
			isa = PBXGroup;
			children = (
				551BA1D61E4F86AA00300D66 /* RetroCalculatorTests.swift */,
				551BA1D81E4F86AA00300D66 /* Info.plist */,
			);
			path = RetroCalculatorTests;
			sourceTree = "<group>";
		};
/* End PBXGroup section */

/* Begin PBXNativeTarget section */
		551BA1BD1E4F86AA00300D66 /* RetroCalculator */ = {
			isa = PBXNativeTarget;
			buildConfigurationList = 551BA1DB1E4F86AA00300D66 /* Build configuration list for PBXNativeTarget "RetroCalculator" */;
			buildPhases = (
				551BA1BA1E4F86AA00300D66 /* Sources */,
				551BA1BB1E4F86AA00300D66 /* Frameworks */,
				551BA1BC1E4F86AA00300D66 /* Resources */,
			);
			buildRules = (
			);
			dependencies = (
			);
			name = RetroCalculator;
			productName = RetroCalculator;
			productReference = 551BA1BE1E4F86AA00300D66 /* RetroCalculator.app */;
			productType = "com.apple.product-type.application";
		};
		551BA1D11E4F86AA00300D66 /* RetroCalculatorTests */ = {
			isa = PBXNativeTarget;
			buildConfigurationList = 551BA1DE1E4F86AA00300D66 /* Build configuration list for PBXNativeTarget "RetroCalculatorTests" */;
			buildPhases = (
				551BA1CE1E4F86AA00300D66 /* Sources */,
				551BA1CF1E4F86AA00300D66 /* Frameworks */,
				551BA1D01E4F86AA00300D66 /* Resources */,
			);
			buildRules = (
			);
			dependencies = (
				551BA1D41E4F86AA00300D66 /* PBXTargetDependency */,
			);
			name = RetroCalculatorTests;
			productName = RetroCalculatorTests;
			productReference = 551BA1D21E4F86AA00300D66 /* RetroCalculatorTests.xctest */;
			productType = "com.apple.product-type.bundle.unit-test";
		};
/* End PBXNativeTarget section */

/* Begin PBXProject section */
		551BA1B61E4F86AA00300D66 /* Project object */ = {
			isa = PBXProject;
			attributes = {
				LastSwiftUpdateCheck = 0810;
				LastUpgradeCheck = 0810;
				ORGANIZATIONNAME = "David Reynolds";
				TargetAttributes = {
					551BA1BD1E4F86AA00300D66 = {
						CreatedOnToolsVersion = 8.1;
						ProvisioningStyle = Automatic;
					};
					551BA1D11E4F86AA00300D66 = {
						CreatedOnToolsVersion = 8.1;
						ProvisioningStyle = Automatic;
						TestTargetID = 551BA1BD1E4F86AA00300D66;
					};
				};
			};
			buildConfigurationList = 551BA1B91E4F86AA00300D66 /* Build configuration list for PBXProject "RetroCalculator" */;
			compatibilityVersion = "Xcode 3.2";
			developmentRegion = English;
			hasScannedForEncodings = 0;
			knownRegions = (
				en,
				Base,
			);
			mainGroup = 551BA1B51E4F86AA00300D66;
			productRefGroup = 551BA1BF1E4F86AA00300D66 /* Products */;
			projectDirPath = "";
			projectRoot = "";
			targets = (
				551BA1BD1E4F86AA00300D66 /* RetroCalculator */,
				551BA1D11E4F86AA00300D66 /* RetroCalculatorTests */,
			);
		};
/* End PBXProject section */

/* Begin PBXResourcesBuildPhase section */
		551BA1BC1E4F86AA00300D66 /* Resources */ = {
			isa = PBXResourcesBuildPhase;
			buildActionMask = 2147483647;
			files = (
				551BA1CC1E4F86AA00300D66 /* LaunchScreen.storyboard in Resources */,
				551BA1C91E4F86AA00300D66 /* Assets.xcassets in Resources */,
				551BA1E41E4FBF2800300D66 /* Minecraft.ttf in Resources */,
				551BA1E61E4FBFEB00300D66 /* btn.wav in Resources */,
				551BA1C71E4F86AA00300D66 /* Main.storyboard in Resources */,
				551BA1E21E4FBE9C00300D66 /* Minecrafter.Reg.ttf in Resources */,
			);
			runOnlyForDeploymentPostprocessing = 0;
		};
		551BA1D01E4F86AA00300D66 /* Resources */ = {
			isa = PBXResourcesBuildPhase;
			buildActionMask = 2147483647;
			files = (
			);
			runOnlyForDeploymentPostprocessing = 0;
		};
/* End PBXResourcesBuildPhase section */

/* Begin PBXSourcesBuildPhase section */
		551BA1BA1E4F86AA00300D66 /* Sources */ = {
			isa = PBXSourcesBuildPhase;
			buildActionMask = 2147483647;
			files = (
				551BA1C41E4F86AA00300D66 /* ViewController.swift in Sources */,
				551BA1C21E4F86AA00300D66 /* AppDelegate.swift in Sources */,
			);
			runOnlyForDeploymentPostprocessing = 0;
		};
		551BA1CE1E4F86AA00300D66 /* Sources */ = {
			isa = PBXSourcesBuildPhase;
			buildActionMask = 2147483647;
			files = (
				551BA1D71E4F86AA00300D66 /* RetroCalculatorTests.swift in Sources */,
			);
			runOnlyForDeploymentPostprocessing = 0;
		};
/* End PBXSourcesBuildPhase section */

/* Begin PBXTargetDependency section */
		551BA1D41E4F86AA00300D66 /* PBXTargetDependency */ = {
			isa = PBXTargetDependency;
			target = 551BA1BD1E4F86AA00300D66 /* RetroCalculator */;
			targetProxy = 551BA1D31E4F86AA00300D66 /* PBXContainerItemProxy */;
		};
/* End PBXTargetDependency section */

/* Begin PBXVariantGroup section */
		551BA1C51E4F86AA00300D66 /* Main.storyboard */ = {
			isa = PBXVariantGroup;
			children = (
				551BA1C61E4F86AA00300D66 /* Base */,
			);
			name = Main.storyboard;
			sourceTree = "<group>";
		};
		551BA1CA1E4F86AA00300D66 /* LaunchScreen.storyboard */ = {
			isa = PBXVariantGroup;
			children = (
				551BA1CB1E4F86AA00300D66 /* Base */,
			);
			name = LaunchScreen.storyboard;
			sourceTree = "<group>";
		};
/* End PBXVariantGroup section */

/* Begin XCBuildConfiguration section */
		551BA1D91E4F86AA00300D66 /* Debug */ = {
			isa = XCBuildConfiguration;
			buildSettings = {
				ALWAYS_SEARCH_USER_PATHS = NO;
				CLANG_ANALYZER_NONNULL = YES;
				CLANG_CXX_LANGUAGE_STANDARD = "gnu++0x";
				CLANG_CXX_LIBRARY = "libc++";
				CLANG_ENABLE_MODULES = YES;
				CLANG_ENABLE_OBJC_ARC = YES;
				CLANG_WARN_BOOL_CONVERSION = YES;
				CLANG_WARN_CONSTANT_CONVERSION = YES;
				CLANG_WARN_DIRECT_OBJC_ISA_USAGE = YES_ERROR;
				CLANG_WARN_DOCUMENTATION_COMMENTS = YES;
				CLANG_WARN_EMPTY_BODY = YES;
				CLANG_WARN_ENUM_CONVERSION = YES;
				CLANG_WARN_INFINITE_RECURSION = YES;
				CLANG_WARN_INT_CONVERSION = YES;
				CLANG_WARN_OBJC_ROOT_CLASS = YES_ERROR;
				CLANG_WARN_SUSPICIOUS_MOVES = YES;
				CLANG_WARN_UNREACHABLE_CODE = YES;
				CLANG_WARN__DUPLICATE_METHOD_MATCH = YES;
				"CODE_SIGN_IDENTITY[sdk=iphoneos*]" = "iPhone Developer";
				COPY_PHASE_STRIP = NO;
				DEBUG_INFORMATION_FORMAT = dwarf;
				ENABLE_STRICT_OBJC_MSGSEND = YES;
				ENABLE_TESTABILITY = YES;
				GCC_C_LANGUAGE_STANDARD = gnu99;
				GCC_DYNAMIC_NO_PIC = NO;
				GCC_NO_COMMON_BLOCKS = YES;
				GCC_OPTIMIZATION_LEVEL = 0;
				GCC_PREPROCESSOR_DEFINITIONS = (
					"DEBUG=1",
					"$(inherited)",
				);
				GCC_WARN_64_TO_32_BIT_CONVERSION = YES;
				GCC_WARN_ABOUT_RETURN_TYPE = YES_ERROR;
				GCC_WARN_UNDECLARED_SELECTOR = YES;
				GCC_WARN_UNINITIALIZED_AUTOS = YES_AGGRESSIVE;
				GCC_WARN_UNUSED_FUNCTION = YES;
				GCC_WARN_UNUSED_VARIABLE = YES;
				IPHONEOS_DEPLOYMENT_TARGET = 10.1;
				MTL_ENABLE_DEBUG_INFO = YES;
				ONLY_ACTIVE_ARCH = YES;
				SDKROOT = iphoneos;
				SWIFT_ACTIVE_COMPILATION_CONDITIONS = DEBUG;
				SWIFT_OPTIMIZATION_LEVEL = "-Onone";
				TARGETED_DEVICE_FAMILY = "1,2";
			};
			name = Debug;
		};
		551BA1DA1E4F86AA00300D66 /* Release */ = {
			isa = XCBuildConfiguration;
			buildSettings = {
				ALWAYS_SEARCH_USER_PATHS = NO;
				CLANG_ANALYZER_NONNULL = YES;
				CLANG_CXX_LANGUAGE_STANDARD = "gnu++0x";
				CLANG_CXX_LIBRARY = "libc++";
				CLANG_ENABLE_MODULES = YES;
				CLANG_ENABLE_OBJC_ARC = YES;
				CLANG_WARN_BOOL_CONVERSION = YES;
				CLANG_WARN_CONSTANT_CONVERSION = YES;
				CLANG_WARN_DIRECT_OBJC_ISA_USAGE = YES_ERROR;
				CLANG_WARN_DOCUMENTATION_COMMENTS = YES;
				CLANG_WARN_EMPTY_BODY = YES;
				CLANG_WARN_ENUM_CONVERSION = YES;
				CLANG_WARN_INFINITE_RECURSION = YES;
				CLANG_WARN_INT_CONVERSION = YES;
				CLANG_WARN_OBJC_ROOT_CLASS = YES_ERROR;
				CLANG_WARN_SUSPICIOUS_MOVES = YES;
				CLANG_WARN_UNREACHABLE_CODE = YES;
				CLANG_WARN__DUPLICATE_METHOD_MATCH = YES;
				"CODE_SIGN_IDENTITY[sdk=iphoneos*]" = "iPhone Developer";
				COPY_PHASE_STRIP = NO;
				DEBUG_INFORMATION_FORMAT = "dwarf-with-dsym";
				ENABLE_NS_ASSERTIONS = NO;
				ENABLE_STRICT_OBJC_MSGSEND = YES;
				GCC_C_LANGUAGE_STANDARD = gnu99;
				GCC_NO_COMMON_BLOCKS = YES;
				GCC_WARN_64_TO_32_BIT_CONVERSION = YES;
				GCC_WARN_ABOUT_RETURN_TYPE = YES_ERROR;
				GCC_WARN_UNDECLARED_SELECTOR = YES;
				GCC_WARN_UNINITIALIZED_AUTOS = YES_AGGRESSIVE;
				GCC_WARN_UNUSED_FUNCTION = YES;
				GCC_WARN_UNUSED_VARIABLE = YES;
				IPHONEOS_DEPLOYMENT_TARGET = 10.1;
				MTL_ENABLE_DEBUG_INFO = NO;
				SDKROOT = iphoneos;
				SWIFT_OPTIMIZATION_LEVEL = "-Owholemodule";
				TARGETED_DEVICE_FAMILY = "1,2";
				VALIDATE_PRODUCT = YES;
			};
			name = Release;
		};
		551BA1DC1E4F86AA00300D66 /* Debug */ = {
			isa = XCBuildConfiguration;
			buildSettings = {
				ASSETCATALOG_COMPILER_APPICON_NAME = AppIcon;
				INFOPLIST_FILE = RetroCalculator/Info.plist;
				LD_RUNPATH_SEARCH_PATHS = "$(inherited) @executable_path/Frameworks";
				PRODUCT_BUNDLE_IDENTIFIER = Davo.RetroCalculator;
				PRODUCT_NAME = "$(TARGET_NAME)";
				SWIFT_VERSION = 3.0;
			};
			name = Debug;
		};
		551BA1DD1E4F86AA00300D66 /* Release */ = {
			isa = XCBuildConfiguration;
			buildSettings = {
				ASSETCATALOG_COMPILER_APPICON_NAME = AppIcon;
				INFOPLIST_FILE = RetroCalculator/Info.plist;
				LD_RUNPATH_SEARCH_PATHS = "$(inherited) @executable_path/Frameworks";
				PRODUCT_BUNDLE_IDENTIFIER = Davo.RetroCalculator;
				PRODUCT_NAME = "$(TARGET_NAME)";
				SWIFT_VERSION = 3.0;
			};
			name = Release;
		};
		551BA1DF1E4F86AA00300D66 /* Debug */ = {
			isa = XCBuildConfiguration;
			buildSettings = {
				ALWAYS_EMBED_SWIFT_STANDARD_LIBRARIES = YES;
				BUNDLE_LOADER = "$(TEST_HOST)";
				INFOPLIST_FILE = RetroCalculatorTests/Info.plist;
				LD_RUNPATH_SEARCH_PATHS = "$(inherited) @executable_path/Frameworks @loader_path/Frameworks";
				PRODUCT_BUNDLE_IDENTIFIER = Davo.RetroCalculatorTests;
				PRODUCT_NAME = "$(TARGET_NAME)";
				SWIFT_VERSION = 3.0;
				TEST_HOST = "$(BUILT_PRODUCTS_DIR)/RetroCalculator.app/RetroCalculator";
			};
			name = Debug;
		};
		551BA1E01E4F86AA00300D66 /* Release */ = {
			isa = XCBuildConfiguration;
			buildSettings = {
				ALWAYS_EMBED_SWIFT_STANDARD_LIBRARIES = YES;
				BUNDLE_LOADER = "$(TEST_HOST)";
				INFOPLIST_FILE = RetroCalculatorTests/Info.plist;
				LD_RUNPATH_SEARCH_PATHS = "$(inherited) @executable_path/Frameworks @loader_path/Frameworks";
				PRODUCT_BUNDLE_IDENTIFIER = Davo.RetroCalculatorTests;
				PRODUCT_NAME = "$(TARGET_NAME)";
				SWIFT_VERSION = 3.0;
				TEST_HOST = "$(BUILT_PRODUCTS_DIR)/RetroCalculator.app/RetroCalculator";
			};
			name = Release;
		};
/* End XCBuildConfiguration section */

/* Begin XCConfigurationList section */
		551BA1B91E4F86AA00300D66 /* Build configuration list for PBXProject "RetroCalculator" */ = {
			isa = XCConfigurationList;
			buildConfigurations = (
				551BA1D91E4F86AA00300D66 /* Debug */,
				551BA1DA1E4F86AA00300D66 /* Release */,
			);
			defaultConfigurationIsVisible = 0;
			defaultConfigurationName = Release;
		};
		551BA1DB1E4F86AA00300D66 /* Build configuration list for PBXNativeTarget "RetroCalculator" */ = {
			isa = XCConfigurationList;
			buildConfigurations = (
				551BA1DC1E4F86AA00300D66 /* Debug */,
				551BA1DD1E4F86AA00300D66 /* Release */,
			);
			defaultConfigurationIsVisible = 0;
		};
		551BA1DE1E4F86AA00300D66 /* Build configuration list for PBXNativeTarget "RetroCalculatorTests" */ = {
			isa = XCConfigurationList;
			buildConfigurations = (
				551BA1DF1E4F86AA00300D66 /* Debug */,
				551BA1E01E4F86AA00300D66 /* Release */,
			);
			defaultConfigurationIsVisible = 0;
		};
/* End XCConfigurationList section */
	};
	rootObject = 551BA1B61E4F86AA00300D66 /* Project object */;
}
