// !$*UTF8*$!
{
	archiveVersion = 1;
	classes = {
	};
	objectVersion = 46;
	objects = {

/* Begin PBXBuildFile section */
		551BA1661E46BC5D00300D66 /* AppDelegate.swift in Sources */ = {isa = PBXBuildFile; fileRef = 551BA1651E46BC5D00300D66 /* AppDelegate.swift */; };
		551BA1681E46BC5D00300D66 /* ViewController.swift in Sources */ = {isa = PBXBuildFile; fileRef = 551BA1671E46BC5D00300D66 /* ViewController.swift */; };
		551BA16B1E46BC5D00300D66 /* Main.storyboard in Resources */ = {isa = PBXBuildFile; fileRef = 551BA1691E46BC5D00300D66 /* Main.storyboard */; };
		551BA16D1E46BC5D00300D66 /* Assets.xcassets in Resources */ = {isa = PBXBuildFile; fileRef = 551BA16C1E46BC5D00300D66 /* Assets.xcassets */; };
		551BA1701E46BC5D00300D66 /* LaunchScreen.storyboard in Resources */ = {isa = PBXBuildFile; fileRef = 551BA16E1E46BC5D00300D66 /* LaunchScreen.storyboard */; };
		551BA17B1E46BC5D00300D66 /* StackTutorialTests.swift in Sources */ = {isa = PBXBuildFile; fileRef = 551BA17A1E46BC5D00300D66 /* StackTutorialTests.swift */; };
/* End PBXBuildFile section */

/* Begin PBXContainerItemProxy section */
		551BA1771E46BC5D00300D66 /* PBXContainerItemProxy */ = {
			isa = PBXContainerItemProxy;
			containerPortal = 551BA15A1E46BC5D00300D66 /* Project object */;
			proxyType = 1;
			remoteGlobalIDString = 551BA1611E46BC5D00300D66;
			remoteInfo = StackTutorial;
		};
/* End PBXContainerItemProxy section */

/* Begin PBXFileReference section */
		551BA1621E46BC5D00300D66 /* StackTutorial.app */ = {isa = PBXFileReference; explicitFileType = wrapper.application; includeInIndex = 0; path = StackTutorial.app; sourceTree = BUILT_PRODUCTS_DIR; };
		551BA1651E46BC5D00300D66 /* AppDelegate.swift */ = {isa = PBXFileReference; lastKnownFileType = sourcecode.swift; path = AppDelegate.swift; sourceTree = "<group>"; };
		551BA1671E46BC5D00300D66 /* ViewController.swift */ = {isa = PBXFileReference; lastKnownFileType = sourcecode.swift; path = ViewController.swift; sourceTree = "<group>"; };
		551BA16A1E46BC5D00300D66 /* Base */ = {isa = PBXFileReference; lastKnownFileType = file.storyboard; name = Base; path = Base.lproj/Main.storyboard; sourceTree = "<group>"; };
		551BA16C1E46BC5D00300D66 /* Assets.xcassets */ = {isa = PBXFileReference; lastKnownFileType = folder.assetcatalog; path = Assets.xcassets; sourceTree = "<group>"; };
		551BA16F1E46BC5D00300D66 /* Base */ = {isa = PBXFileReference; lastKnownFileType = file.storyboard; name = Base; path = Base.lproj/LaunchScreen.storyboard; sourceTree = "<group>"; };
		551BA1711E46BC5D00300D66 /* Info.plist */ = {isa = PBXFileReference; lastKnownFileType = text.plist.xml; path = Info.plist; sourceTree = "<group>"; };
		551BA1761E46BC5D00300D66 /* StackTutorialTests.xctest */ = {isa = PBXFileReference; explicitFileType = wrapper.cfbundle; includeInIndex = 0; path = StackTutorialTests.xctest; sourceTree = BUILT_PRODUCTS_DIR; };
		551BA17A1E46BC5D00300D66 /* StackTutorialTests.swift */ = {isa = PBXFileReference; lastKnownFileType = sourcecode.swift; path = StackTutorialTests.swift; sourceTree = "<group>"; };
		551BA17C1E46BC5D00300D66 /* Info.plist */ = {isa = PBXFileReference; lastKnownFileType = text.plist.xml; path = Info.plist; sourceTree = "<group>"; };
/* End PBXFileReference section */

/* Begin PBXFrameworksBuildPhase section */
		551BA15F1E46BC5D00300D66 /* Frameworks */ = {
			isa = PBXFrameworksBuildPhase;
			buildActionMask = 2147483647;
			files = (
			);
			runOnlyForDeploymentPostprocessing = 0;
		};
		551BA1731E46BC5D00300D66 /* Frameworks */ = {
			isa = PBXFrameworksBuildPhase;
			buildActionMask = 2147483647;
			files = (
			);
			runOnlyForDeploymentPostprocessing = 0;
		};
/* End PBXFrameworksBuildPhase section */

/* Begin PBXGroup section */
		551BA1591E46BC5D00300D66 = {
			isa = PBXGroup;
			children = (
				551BA1641E46BC5D00300D66 /* StackTutorial */,
				551BA1791E46BC5D00300D66 /* StackTutorialTests */,
				551BA1631E46BC5D00300D66 /* Products */,
			);
			sourceTree = "<group>";
		};
		551BA1631E46BC5D00300D66 /* Products */ = {
			isa = PBXGroup;
			children = (
				551BA1621E46BC5D00300D66 /* StackTutorial.app */,
				551BA1761E46BC5D00300D66 /* StackTutorialTests.xctest */,
			);
			name = Products;
			sourceTree = "<group>";
		};
		551BA1641E46BC5D00300D66 /* StackTutorial */ = {
			isa = PBXGroup;
			children = (
				551BA1651E46BC5D00300D66 /* AppDelegate.swift */,
				551BA1671E46BC5D00300D66 /* ViewController.swift */,
				551BA1691E46BC5D00300D66 /* Main.storyboard */,
				551BA16C1E46BC5D00300D66 /* Assets.xcassets */,
				551BA16E1E46BC5D00300D66 /* LaunchScreen.storyboard */,
				551BA1711E46BC5D00300D66 /* Info.plist */,
			);
			path = StackTutorial;
			sourceTree = "<group>";
		};
		551BA1791E46BC5D00300D66 /* StackTutorialTests */ = {
			isa = PBXGroup;
			children = (
				551BA17A1E46BC5D00300D66 /* StackTutorialTests.swift */,
				551BA17C1E46BC5D00300D66 /* Info.plist */,
			);
			path = StackTutorialTests;
			sourceTree = "<group>";
		};
/* End PBXGroup section */

/* Begin PBXNativeTarget section */
		551BA1611E46BC5D00300D66 /* StackTutorial */ = {
			isa = PBXNativeTarget;
			buildConfigurationList = 551BA17F1E46BC5D00300D66 /* Build configuration list for PBXNativeTarget "StackTutorial" */;
			buildPhases = (
				551BA15E1E46BC5D00300D66 /* Sources */,
				551BA15F1E46BC5D00300D66 /* Frameworks */,
				551BA1601E46BC5D00300D66 /* Resources */,
			);
			buildRules = (
			);
			dependencies = (
			);
			name = StackTutorial;
			productName = StackTutorial;
			productReference = 551BA1621E46BC5D00300D66 /* StackTutorial.app */;
			productType = "com.apple.product-type.application";
		};
		551BA1751E46BC5D00300D66 /* StackTutorialTests */ = {
			isa = PBXNativeTarget;
			buildConfigurationList = 551BA1821E46BC5D00300D66 /* Build configuration list for PBXNativeTarget "StackTutorialTests" */;
			buildPhases = (
				551BA1721E46BC5D00300D66 /* Sources */,
				551BA1731E46BC5D00300D66 /* Frameworks */,
				551BA1741E46BC5D00300D66 /* Resources */,
			);
			buildRules = (
			);
			dependencies = (
				551BA1781E46BC5D00300D66 /* PBXTargetDependency */,
			);
			name = StackTutorialTests;
			productName = StackTutorialTests;
			productReference = 551BA1761E46BC5D00300D66 /* StackTutorialTests.xctest */;
			productType = "com.apple.product-type.bundle.unit-test";
		};
/* End PBXNativeTarget section */

/* Begin PBXProject section */
		551BA15A1E46BC5D00300D66 /* Project object */ = {
			isa = PBXProject;
			attributes = {
				LastSwiftUpdateCheck = 0810;
				LastUpgradeCheck = 0810;
				ORGANIZATIONNAME = "David Reynolds";
				TargetAttributes = {
					551BA1611E46BC5D00300D66 = {
						CreatedOnToolsVersion = 8.1;
						ProvisioningStyle = Automatic;
					};
					551BA1751E46BC5D00300D66 = {
						CreatedOnToolsVersion = 8.1;
						ProvisioningStyle = Automatic;
						TestTargetID = 551BA1611E46BC5D00300D66;
					};
				};
			};
			buildConfigurationList = 551BA15D1E46BC5D00300D66 /* Build configuration list for PBXProject "StackTutorial" */;
			compatibilityVersion = "Xcode 3.2";
			developmentRegion = English;
			hasScannedForEncodings = 0;
			knownRegions = (
				en,
				Base,
			);
			mainGroup = 551BA1591E46BC5D00300D66;
			productRefGroup = 551BA1631E46BC5D00300D66 /* Products */;
			projectDirPath = "";
			projectRoot = "";
			targets = (
				551BA1611E46BC5D00300D66 /* StackTutorial */,
				551BA1751E46BC5D00300D66 /* StackTutorialTests */,
			);
		};
/* End PBXProject section */

/* Begin PBXResourcesBuildPhase section */
		551BA1601E46BC5D00300D66 /* Resources */ = {
			isa = PBXResourcesBuildPhase;
			buildActionMask = 2147483647;
			files = (
				551BA1701E46BC5D00300D66 /* LaunchScreen.storyboard in Resources */,
				551BA16D1E46BC5D00300D66 /* Assets.xcassets in Resources */,
				551BA16B1E46BC5D00300D66 /* Main.storyboard in Resources */,
			);
			runOnlyForDeploymentPostprocessing = 0;
		};
		551BA1741E46BC5D00300D66 /* Resources */ = {
			isa = PBXResourcesBuildPhase;
			buildActionMask = 2147483647;
			files = (
			);
			runOnlyForDeploymentPostprocessing = 0;
		};
/* End PBXResourcesBuildPhase section */

/* Begin PBXSourcesBuildPhase section */
		551BA15E1E46BC5D00300D66 /* Sources */ = {
			isa = PBXSourcesBuildPhase;
			buildActionMask = 2147483647;
			files = (
				551BA1681E46BC5D00300D66 /* ViewController.swift in Sources */,
				551BA1661E46BC5D00300D66 /* AppDelegate.swift in Sources */,
			);
			runOnlyForDeploymentPostprocessing = 0;
		};
		551BA1721E46BC5D00300D66 /* Sources */ = {
			isa = PBXSourcesBuildPhase;
			buildActionMask = 2147483647;
			files = (
				551BA17B1E46BC5D00300D66 /* StackTutorialTests.swift in Sources */,
			);
			runOnlyForDeploymentPostprocessing = 0;
		};
/* End PBXSourcesBuildPhase section */

/* Begin PBXTargetDependency section */
		551BA1781E46BC5D00300D66 /* PBXTargetDependency */ = {
			isa = PBXTargetDependency;
			target = 551BA1611E46BC5D00300D66 /* StackTutorial */;
			targetProxy = 551BA1771E46BC5D00300D66 /* PBXContainerItemProxy */;
		};
/* End PBXTargetDependency section */

/* Begin PBXVariantGroup section */
		551BA1691E46BC5D00300D66 /* Main.storyboard */ = {
			isa = PBXVariantGroup;
			children = (
				551BA16A1E46BC5D00300D66 /* Base */,
			);
			name = Main.storyboard;
			sourceTree = "<group>";
		};
		551BA16E1E46BC5D00300D66 /* LaunchScreen.storyboard */ = {
			isa = PBXVariantGroup;
			children = (
				551BA16F1E46BC5D00300D66 /* Base */,
			);
			name = LaunchScreen.storyboard;
			sourceTree = "<group>";
		};
/* End PBXVariantGroup section */

/* Begin XCBuildConfiguration section */
		551BA17D1E46BC5D00300D66 /* Debug */ = {
			isa = XCBuildConfiguration;
			buildSettings = {
				ALWAYS_SEARCH_USER_PATHS = NO;
				CLANG_ANALYZER_NONNULL = YES;
				CLANG_CXX_LANGUAGE_STANDARD = "gnu++0x";
				CLANG_CXX_LIBRARY = "libc++";
				CLANG_ENABLE_MODULES = YES;
				CLANG_ENABLE_OBJC_ARC = YES;
				CLANG_WARN_BOOL_CONVERSION = YES;
				CLANG_WARN_CONSTANT_CONVERSION = YES;
				CLANG_WARN_DIRECT_OBJC_ISA_USAGE = YES_ERROR;
				CLANG_WARN_DOCUMENTATION_COMMENTS = YES;
				CLANG_WARN_EMPTY_BODY = YES;
				CLANG_WARN_ENUM_CONVERSION = YES;
				CLANG_WARN_INFINITE_RECURSION = YES;
				CLANG_WARN_INT_CONVERSION = YES;
				CLANG_WARN_OBJC_ROOT_CLASS = YES_ERROR;
				CLANG_WARN_SUSPICIOUS_MOVES = YES;
				CLANG_WARN_UNREACHABLE_CODE = YES;
				CLANG_WARN__DUPLICATE_METHOD_MATCH = YES;
				"CODE_SIGN_IDENTITY[sdk=iphoneos*]" = "iPhone Developer";
				COPY_PHASE_STRIP = NO;
				DEBUG_INFORMATION_FORMAT = dwarf;
				ENABLE_STRICT_OBJC_MSGSEND = YES;
				ENABLE_TESTABILITY = YES;
				GCC_C_LANGUAGE_STANDARD = gnu99;
				GCC_DYNAMIC_NO_PIC = NO;
				GCC_NO_COMMON_BLOCKS = YES;
				GCC_OPTIMIZATION_LEVEL = 0;
				GCC_PREPROCESSOR_DEFINITIONS = (
					"DEBUG=1",
					"$(inherited)",
				);
				GCC_WARN_64_TO_32_BIT_CONVERSION = YES;
				GCC_WARN_ABOUT_RETURN_TYPE = YES_ERROR;
				GCC_WARN_UNDECLARED_SELECTOR = YES;
				GCC_WARN_UNINITIALIZED_AUTOS = YES_AGGRESSIVE;
				GCC_WARN_UNUSED_FUNCTION = YES;
				GCC_WARN_UNUSED_VARIABLE = YES;
				IPHONEOS_DEPLOYMENT_TARGET = 10.1;
				MTL_ENABLE_DEBUG_INFO = YES;
				ONLY_ACTIVE_ARCH = YES;
				SDKROOT = iphoneos;
				SWIFT_ACTIVE_COMPILATION_CONDITIONS = DEBUG;
				SWIFT_OPTIMIZATION_LEVEL = "-Onone";
				TARGETED_DEVICE_FAMILY = "1,2";
			};
			name = Debug;
		};
		551BA17E1E46BC5D00300D66 /* Release */ = {
			isa = XCBuildConfiguration;
			buildSettings = {
				ALWAYS_SEARCH_USER_PATHS = NO;
				CLANG_ANALYZER_NONNULL = YES;
				CLANG_CXX_LANGUAGE_STANDARD = "gnu++0x";
				CLANG_CXX_LIBRARY = "libc++";
				CLANG_ENABLE_MODULES = YES;
				CLANG_ENABLE_OBJC_ARC = YES;
				CLANG_WARN_BOOL_CONVERSION = YES;
				CLANG_WARN_CONSTANT_CONVERSION = YES;
				CLANG_WARN_DIRECT_OBJC_ISA_USAGE = YES_ERROR;
				CLANG_WARN_DOCUMENTATION_COMMENTS = YES;
				CLANG_WARN_EMPTY_BODY = YES;
				CLANG_WARN_ENUM_CONVERSION = YES;
				CLANG_WARN_INFINITE_RECURSION = YES;
				CLANG_WARN_INT_CONVERSION = YES;
				CLANG_WARN_OBJC_ROOT_CLASS = YES_ERROR;
				CLANG_WARN_SUSPICIOUS_MOVES = YES;
				CLANG_WARN_UNREACHABLE_CODE = YES;
				CLANG_WARN__DUPLICATE_METHOD_MATCH = YES;
				"CODE_SIGN_IDENTITY[sdk=iphoneos*]" = "iPhone Developer";
				COPY_PHASE_STRIP = NO;
				DEBUG_INFORMATION_FORMAT = "dwarf-with-dsym";
				ENABLE_NS_ASSERTIONS = NO;
				ENABLE_STRICT_OBJC_MSGSEND = YES;
				GCC_C_LANGUAGE_STANDARD = gnu99;
				GCC_NO_COMMON_BLOCKS = YES;
				GCC_WARN_64_TO_32_BIT_CONVERSION = YES;
				GCC_WARN_ABOUT_RETURN_TYPE = YES_ERROR;
				GCC_WARN_UNDECLARED_SELECTOR = YES;
				GCC_WARN_UNINITIALIZED_AUTOS = YES_AGGRESSIVE;
				GCC_WARN_UNUSED_FUNCTION = YES;
				GCC_WARN_UNUSED_VARIABLE = YES;
				IPHONEOS_DEPLOYMENT_TARGET = 10.1;
				MTL_ENABLE_DEBUG_INFO = NO;
				SDKROOT = iphoneos;
				SWIFT_OPTIMIZATION_LEVEL = "-Owholemodule";
				TARGETED_DEVICE_FAMILY = "1,2";
				VALIDATE_PRODUCT = YES;
			};
			name = Release;
		};
		551BA1801E46BC5D00300D66 /* Debug */ = {
			isa = XCBuildConfiguration;
			buildSettings = {
				ASSETCATALOG_COMPILER_APPICON_NAME = AppIcon;
				INFOPLIST_FILE = StackTutorial/Info.plist;
				LD_RUNPATH_SEARCH_PATHS = "$(inherited) @executable_path/Frameworks";
				PRODUCT_BUNDLE_IDENTIFIER = Davo.StackTutorial;
				PRODUCT_NAME = "$(TARGET_NAME)";
				SWIFT_VERSION = 3.0;
				TARGETED_DEVICE_FAMILY = "1,2";
			};
			name = Debug;
		};
		551BA1811E46BC5D00300D66 /* Release */ = {
			isa = XCBuildConfiguration;
			buildSettings = {
				ASSETCATALOG_COMPILER_APPICON_NAME = AppIcon;
				INFOPLIST_FILE = StackTutorial/Info.plist;
				LD_RUNPATH_SEARCH_PATHS = "$(inherited) @executable_path/Frameworks";
				PRODUCT_BUNDLE_IDENTIFIER = Davo.StackTutorial;
				PRODUCT_NAME = "$(TARGET_NAME)";
				SWIFT_VERSION = 3.0;
				TARGETED_DEVICE_FAMILY = "1,2";
			};
			name = Release;
		};
		551BA1831E46BC5D00300D66 /* Debug */ = {
			isa = XCBuildConfiguration;
			buildSettings = {
				ALWAYS_EMBED_SWIFT_STANDARD_LIBRARIES = YES;
				BUNDLE_LOADER = "$(TEST_HOST)";
				INFOPLIST_FILE = StackTutorialTests/Info.plist;
				LD_RUNPATH_SEARCH_PATHS = "$(inherited) @executable_path/Frameworks @loader_path/Frameworks";
				PRODUCT_BUNDLE_IDENTIFIER = Davo.StackTutorialTests;
				PRODUCT_NAME = "$(TARGET_NAME)";
				SWIFT_VERSION = 3.0;
				TEST_HOST = "$(BUILT_PRODUCTS_DIR)/StackTutorial.app/StackTutorial";
			};
			name = Debug;
		};
		551BA1841E46BC5D00300D66 /* Release */ = {
			isa = XCBuildConfiguration;
			buildSettings = {
				ALWAYS_EMBED_SWIFT_STANDARD_LIBRARIES = YES;
				BUNDLE_LOADER = "$(TEST_HOST)";
				INFOPLIST_FILE = StackTutorialTests/Info.plist;
				LD_RUNPATH_SEARCH_PATHS = "$(inherited) @executable_path/Frameworks @loader_path/Frameworks";
				PRODUCT_BUNDLE_IDENTIFIER = Davo.StackTutorialTests;
				PRODUCT_NAME = "$(TARGET_NAME)";
				SWIFT_VERSION = 3.0;
				TEST_HOST = "$(BUILT_PRODUCTS_DIR)/StackTutorial.app/StackTutorial";
			};
			name = Release;
		};
/* End XCBuildConfiguration section */

/* Begin XCConfigurationList section */
		551BA15D1E46BC5D00300D66 /* Build configuration list for PBXProject "StackTutorial" */ = {
			isa = XCConfigurationList;
			buildConfigurations = (
				551BA17D1E46BC5D00300D66 /* Debug */,
				551BA17E1E46BC5D00300D66 /* Release */,
			);
			defaultConfigurationIsVisible = 0;
			defaultConfigurationName = Release;
		};
		551BA17F1E46BC5D00300D66 /* Build configuration list for PBXNativeTarget "StackTutorial" */ = {
			isa = XCConfigurationList;
			buildConfigurations = (
				551BA1801E46BC5D00300D66 /* Debug */,
				551BA1811E46BC5D00300D66 /* Release */,
			);
			defaultConfigurationIsVisible = 0;
		};
		551BA1821E46BC5D00300D66 /* Build configuration list for PBXNativeTarget "StackTutorialTests" */ = {
			isa = XCConfigurationList;
			buildConfigurations = (
				551BA1831E46BC5D00300D66 /* Debug */,
				551BA1841E46BC5D00300D66 /* Release */,
			);
			defaultConfigurationIsVisible = 0;
		};
/* End XCConfigurationList section */
	};
	rootObject = 551BA15A1E46BC5D00300D66 /* Project object */;
}
